
Microsoft Visual Studio Solution File, Format Version 12.00
# Visual Studio Version 17
VisualStudioVersion = 17.0.31912.275
MinimumVisualStudioVersion = 10.0.40219.1
Project("{FAE04EC0-301F-11D3-BF4B-00C04F79EFBC}") = "Excel 12", "Excel 12.csproj", "{BAE56773-3213-47BB-861C-97ED927D5FBF}"
EndProject
Global
	GlobalSection(SolutionConfigurationPlatforms) = preSolution
		Debug|Any CPU = Debug|Any CPU
		Release|Any CPU = Release|Any CPU
	EndGlobalSection
	GlobalSection(ProjectConfigurationPlatforms) = postSolution
		{BAE56773-3213-47BB-861C-97ED927D5FBF}.Debug|Any CPU.ActiveCfg = Debug|Any CPU
		{BAE56773-3213-47BB-861C-97ED927D5FBF}.Debug|Any CPU.Build.0 = Debug|Any CPU
		{BAE56773-3213-47BB-861C-97ED927D5FBF}.Release|Any CPU.ActiveCfg = Release|Any CPU
		{BAE56773-3213-47BB-861C-97ED927D5FBF}.Release|Any CPU.Build.0 = Release|Any CPU
	EndGlobalSection
	GlobalSection(SolutionProperties) = preSolution
		HideSolutionNode = FALSE
	EndGlobalSection
	GlobalSection(ExtensibilityGlobals) = postSolution
		SolutionGuid = {61A8E389-22FC-45F6-87C9-34FF5A4CDA2E}
	EndGlobalSection
EndGlobal
